// !$*UTF8*$!
{
	archiveVersion = 1;
	classes = {
	};
	objectVersion = 48;
	objects = {

/* Begin PBXBuildFile section */
		00D65CAB1F6ED6F9004FF464 /* LLSingletonTest.m in Sources */ = {isa = PBXBuildFile; fileRef = 00D65CAA1F6ED6F9004FF464 /* LLSingletonTest.m */; };
		4D4958B41F66248600F3D9DD /* AppDelegate.m in Sources */ = {isa = PBXBuildFile; fileRef = 4D4958B31F66248600F3D9DD /* AppDelegate.m */; };
		4D4958B71F66248600F3D9DD /* ViewController.m in Sources */ = {isa = PBXBuildFile; fileRef = 4D4958B61F66248600F3D9DD /* ViewController.m */; };
		4D4958BC1F66248600F3D9DD /* Assets.xcassets in Resources */ = {isa = PBXBuildFile; fileRef = 4D4958BB1F66248600F3D9DD /* Assets.xcassets */; };
		4D4958BF1F66248600F3D9DD /* LaunchScreen.storyboard in Resources */ = {isa = PBXBuildFile; fileRef = 4D4958BD1F66248600F3D9DD /* LaunchScreen.storyboard */; };
		4D4958C21F66248600F3D9DD /* main.m in Sources */ = {isa = PBXBuildFile; fileRef = 4D4958C11F66248600F3D9DD /* main.m */; };
		4D4958CA1F6624C200F3D9DD /* LLMoveableButton.m in Sources */ = {isa = PBXBuildFile; fileRef = 4D4958C91F6624C200F3D9DD /* LLMoveableButton.m */; };
/* End PBXBuildFile section */

/* Begin PBXFileReference section */
		00D65CA51F6ED5D0004FF464 /* LLSingleton.h */ = {isa = PBXFileReference; lastKnownFileType = sourcecode.c.h; path = LLSingleton.h; sourceTree = "<group>"; };
		00D65CA91F6ED6F9004FF464 /* LLSingletonTest.h */ = {isa = PBXFileReference; fileEncoding = 4; lastKnownFileType = sourcecode.c.h; path = LLSingletonTest.h; sourceTree = "<group>"; };
		00D65CAA1F6ED6F9004FF464 /* LLSingletonTest.m */ = {isa = PBXFileReference; fileEncoding = 4; lastKnownFileType = sourcecode.c.objc; path = LLSingletonTest.m; sourceTree = "<group>"; };
		4D4958AF1F66248600F3D9DD /* LLUIKit.app */ = {isa = PBXFileReference; explicitFileType = wrapper.application; includeInIndex = 0; path = LLUIKit.app; sourceTree = BUILT_PRODUCTS_DIR; };
		4D4958B21F66248600F3D9DD /* AppDelegate.h */ = {isa = PBXFileReference; lastKnownFileType = sourcecode.c.h; path = AppDelegate.h; sourceTree = "<group>"; };
		4D4958B31F66248600F3D9DD /* AppDelegate.m */ = {isa = PBXFileReference; lastKnownFileType = sourcecode.c.objc; path = AppDelegate.m; sourceTree = "<group>"; };
		4D4958B51F66248600F3D9DD /* ViewController.h */ = {isa = PBXFileReference; lastKnownFileType = sourcecode.c.h; path = ViewController.h; sourceTree = "<group>"; };
		4D4958B61F66248600F3D9DD /* ViewController.m */ = {isa = PBXFileReference; lastKnownFileType = sourcecode.c.objc; path = ViewController.m; sourceTree = "<group>"; };
		4D4958BB1F66248600F3D9DD /* Assets.xcassets */ = {isa = PBXFileReference; lastKnownFileType = folder.assetcatalog; path = Assets.xcassets; sourceTree = "<group>"; };
		4D4958BE1F66248600F3D9DD /* Base */ = {isa = PBXFileReference; lastKnownFileType = file.storyboard; name = Base; path = Base.lproj/LaunchScreen.storyboard; sourceTree = "<group>"; };
		4D4958C01F66248600F3D9DD /* Info.plist */ = {isa = PBXFileReference; lastKnownFileType = text.plist.xml; path = Info.plist; sourceTree = "<group>"; };
		4D4958C11F66248600F3D9DD /* main.m */ = {isa = PBXFileReference; lastKnownFileType = sourcecode.c.objc; path = main.m; sourceTree = "<group>"; };
		4D4958C81F6624C200F3D9DD /* LLMoveableButton.h */ = {isa = PBXFileReference; lastKnownFileType = sourcecode.c.h; path = LLMoveableButton.h; sourceTree = "<group>"; };
		4D4958C91F6624C200F3D9DD /* LLMoveableButton.m */ = {isa = PBXFileReference; lastKnownFileType = sourcecode.c.objc; path = LLMoveableButton.m; sourceTree = "<group>"; };
/* End PBXFileReference section */

/* Begin PBXFrameworksBuildPhase section */
		4D4958AC1F66248600F3D9DD /* Frameworks */ = {
			isa = PBXFrameworksBuildPhase;
			buildActionMask = 2147483647;
			files = (
			);
			runOnlyForDeploymentPostprocessing = 0;
		};
/* End PBXFrameworksBuildPhase section */

/* Begin PBXGroup section */
		4D4958A61F66248600F3D9DD = {
			isa = PBXGroup;
			children = (
				4D4958B11F66248600F3D9DD /* LLUIKit */,
				4D4958B01F66248600F3D9DD /* Products */,
			);
			sourceTree = "<group>";
		};
		4D4958B01F66248600F3D9DD /* Products */ = {
			isa = PBXGroup;
			children = (
				4D4958AF1F66248600F3D9DD /* LLUIKit.app */,
			);
			name = Products;
			sourceTree = "<group>";
		};
		4D4958B11F66248600F3D9DD /* LLUIKit */ = {
			isa = PBXGroup;
			children = (
				4D4958B21F66248600F3D9DD /* AppDelegate.h */,
				4D4958B31F66248600F3D9DD /* AppDelegate.m */,
				4D4958B51F66248600F3D9DD /* ViewController.h */,
				4D4958B61F66248600F3D9DD /* ViewController.m */,
				4D4958BB1F66248600F3D9DD /* Assets.xcassets */,
				4D4958BD1F66248600F3D9DD /* LaunchScreen.storyboard */,
				4D4958C01F66248600F3D9DD /* Info.plist */,
				4D4958C11F66248600F3D9DD /* main.m */,
				4D4958C81F6624C200F3D9DD /* LLMoveableButton.h */,
				4D4958C91F6624C200F3D9DD /* LLMoveableButton.m */,
				00D65CA51F6ED5D0004FF464 /* LLSingleton.h */,
				00D65CA91F6ED6F9004FF464 /* LLSingletonTest.h */,
				00D65CAA1F6ED6F9004FF464 /* LLSingletonTest.m */,
			);
			path = LLUIKit;
			sourceTree = "<group>";
		};
/* End PBXGroup section */

/* Begin PBXNativeTarget section */
		4D4958AE1F66248600F3D9DD /* LLUIKit */ = {
			isa = PBXNativeTarget;
			buildConfigurationList = 4D4958C51F66248600F3D9DD /* Build configuration list for PBXNativeTarget "LLUIKit" */;
			buildPhases = (
				4D4958AB1F66248600F3D9DD /* Sources */,
				4D4958AC1F66248600F3D9DD /* Frameworks */,
				4D4958AD1F66248600F3D9DD /* Resources */,
			);
			buildRules = (
			);
			dependencies = (
			);
			name = LLUIKit;
			productName = LLUIKit;
			productReference = 4D4958AF1F66248600F3D9DD /* LLUIKit.app */;
			productType = "com.apple.product-type.application";
		};
/* End PBXNativeTarget section */

/* Begin PBXProject section */
		4D4958A71F66248600F3D9DD /* Project object */ = {
			isa = PBXProject;
			attributes = {
				LastUpgradeCheck = 0900;
				ORGANIZATIONNAME = "梁先生";
				TargetAttributes = {
					4D4958AE1F66248600F3D9DD = {
						CreatedOnToolsVersion = 9.0;
						ProvisioningStyle = Automatic;
					};
				};
			};
			buildConfigurationList = 4D4958AA1F66248600F3D9DD /* Build configuration list for PBXProject "LLUIKit" */;
			compatibilityVersion = "Xcode 8.0";
			developmentRegion = en;
			hasScannedForEncodings = 0;
			knownRegions = (
				en,
				Base,
			);
			mainGroup = 4D4958A61F66248600F3D9DD;
			productRefGroup = 4D4958B01F66248600F3D9DD /* Products */;
			projectDirPath = "";
			projectRoot = "";
			targets = (
				4D4958AE1F66248600F3D9DD /* LLUIKit */,
			);
		};
/* End PBXProject section */

/* Begin PBXResourcesBuildPhase section */
		4D4958AD1F66248600F3D9DD /* Resources */ = {
			isa = PBXResourcesBuildPhase;
			buildActionMask = 2147483647;
			files = (
				4D4958BF1F66248600F3D9DD /* LaunchScreen.storyboard in Resources */,
				4D4958BC1F66248600F3D9DD /* Assets.xcassets in Resources */,
			);
			runOnlyForDeploymentPostprocessing = 0;
		};
/* End PBXResourcesBuildPhase section */

/* Begin PBXSourcesBuildPhase section */
		4D4958AB1F66248600F3D9DD /* Sources */ = {
			isa = PBXSourcesBuildPhase;
			buildActionMask = 2147483647;
			files = (
				4D4958CA1F6624C200F3D9DD /* LLMoveableButton.m in Sources */,
				4D4958B71F66248600F3D9DD /* ViewController.m in Sources */,
				4D4958C21F66248600F3D9DD /* main.m in Sources */,
				4D4958B41F66248600F3D9DD /* AppDelegate.m in Sources */,
				00D65CAB1F6ED6F9004FF464 /* LLSingletonTest.m in Sources */,
			);
			runOnlyForDeploymentPostprocessing = 0;
		};
/* End PBXSourcesBuildPhase section */

/* Begin PBXVariantGroup section */
		4D4958BD1F66248600F3D9DD /* LaunchScreen.storyboard */ = {
			isa = PBXVariantGroup;
			children = (
				4D4958BE1F66248600F3D9DD /* Base */,
			);
			name = LaunchScreen.storyboard;
			sourceTree = "<group>";
		};
/* End PBXVariantGroup section */

/* Begin XCBuildConfiguration section */
		4D4958C31F66248600F3D9DD /* Debug */ = {
			isa = XCBuildConfiguration;
			buildSettings = {
				ALWAYS_SEARCH_USER_PATHS = NO;
				CLANG_ANALYZER_NONNULL = YES;
				CLANG_ANALYZER_NUMBER_OBJECT_CONVERSION = YES_AGGRESSIVE;
				CLANG_CXX_LANGUAGE_STANDARD = "gnu++14";
				CLANG_CXX_LIBRARY = "libc++";
				CLANG_ENABLE_MODULES = YES;
				CLANG_ENABLE_OBJC_ARC = YES;
				CLANG_WARN_BLOCK_CAPTURE_AUTORELEASING = YES;
				CLANG_WARN_BOOL_CONVERSION = YES;
				CLANG_WARN_COMMA = YES;
				CLANG_WARN_CONSTANT_CONVERSION = YES;
				CLANG_WARN_DIRECT_OBJC_ISA_USAGE = YES_ERROR;
				CLANG_WARN_DOCUMENTATION_COMMENTS = YES;
				CLANG_WARN_EMPTY_BODY = YES;
				CLANG_WARN_ENUM_CONVERSION = YES;
				CLANG_WARN_INFINITE_RECURSION = YES;
				CLANG_WARN_INT_CONVERSION = YES;
				CLANG_WARN_NON_LITERAL_NULL_CONVERSION = YES;
				CLANG_WARN_OBJC_LITERAL_CONVERSION = YES;
				CLANG_WARN_OBJC_ROOT_CLASS = YES_ERROR;
				CLANG_WARN_RANGE_LOOP_ANALYSIS = YES;
				CLANG_WARN_STRICT_PROTOTYPES = YES;
				CLANG_WARN_SUSPICIOUS_MOVE = YES;
				CLANG_WARN_UNGUARDED_AVAILABILITY = YES_AGGRESSIVE;
				CLANG_WARN_UNREACHABLE_CODE = YES;
				CLANG_WARN__DUPLICATE_METHOD_MATCH = YES;
				CODE_SIGN_IDENTITY = "iPhone Developer";
				COPY_PHASE_STRIP = NO;
				DEBUG_INFORMATION_FORMAT = dwarf;
				ENABLE_STRICT_OBJC_MSGSEND = YES;
				ENABLE_TESTABILITY = YES;
				GCC_C_LANGUAGE_STANDARD = gnu11;
				GCC_DYNAMIC_NO_PIC = NO;
				GCC_NO_COMMON_BLOCKS = YES;
				GCC_OPTIMIZATION_LEVEL = 0;
				GCC_PREPROCESSOR_DEFINITIONS = (
					"DEBUG=1",
					"$(inherited)",
				);
				GCC_WARN_64_TO_32_BIT_CONVERSION = YES;
				GCC_WARN_ABOUT_RETURN_TYPE = YES_ERROR;
				GCC_WARN_UNDECLARED_SELECTOR = YES;
				GCC_WARN_UNINITIALIZED_AUTOS = YES_AGGRESSIVE;
				GCC_WARN_UNUSED_FUNCTION = YES;
				GCC_WARN_UNUSED_VARIABLE = YES;
				IPHONEOS_DEPLOYMENT_TARGET = 11.0;
				MTL_ENABLE_DEBUG_INFO = YES;
				ONLY_ACTIVE_ARCH = YES;
				SDKROOT = iphoneos;
			};
			name = Debug;
		};
		4D4958C41F66248600F3D9DD /* Release */ = {
			isa = XCBuildConfiguration;
			buildSettings = {
				ALWAYS_SEARCH_USER_PATHS = NO;
				CLANG_ANALYZER_NONNULL = YES;
				CLANG_ANALYZER_NUMBER_OBJECT_CONVERSION = YES_AGGRESSIVE;
				CLANG_CXX_LANGUAGE_STANDARD = "gnu++14";
				CLANG_CXX_LIBRARY = "libc++";
				CLANG_ENABLE_MODULES = YES;
				CLANG_ENABLE_OBJC_ARC = YES;
				CLANG_WARN_BLOCK_CAPTURE_AUTORELEASING = YES;
				CLANG_WARN_BOOL_CONVERSION = YES;
				CLANG_WARN_COMMA = YES;
				CLANG_WARN_CONSTANT_CONVERSION = YES;
				CLANG_WARN_DIRECT_OBJC_ISA_USAGE = YES_ERROR;
				CLANG_WARN_DOCUMENTATION_COMMENTS = YES;
				CLANG_WARN_EMPTY_BODY = YES;
				CLANG_WARN_ENUM_CONVERSION = YES;
				CLANG_WARN_INFINITE_RECURSION = YES;
				CLANG_WARN_INT_CONVERSION = YES;
				CLANG_WARN_NON_LITERAL_NULL_CONVERSION = YES;
				CLANG_WARN_OBJC_LITERAL_CONVERSION = YES;
				CLANG_WARN_OBJC_ROOT_CLASS = YES_ERROR;
				CLANG_WARN_RANGE_LOOP_ANALYSIS = YES;
				CLANG_WARN_STRICT_PROTOTYPES = YES;
				CLANG_WARN_SUSPICIOUS_MOVE = YES;
				CLANG_WARN_UNGUARDED_AVAILABILITY = YES_AGGRESSIVE;
				CLANG_WARN_UNREACHABLE_CODE = YES;
				CLANG_WARN__DUPLICATE_METHOD_MATCH = YES;
				CODE_SIGN_IDENTITY = "iPhone Developer";
				COPY_PHASE_STRIP = NO;
				DEBUG_INFORMATION_FORMAT = "dwarf-with-dsym";
				ENABLE_NS_ASSERTIONS = NO;
				ENABLE_STRICT_OBJC_MSGSEND = YES;
				GCC_C_LANGUAGE_STANDARD = gnu11;
				GCC_NO_COMMON_BLOCKS = YES;
				GCC_WARN_64_TO_32_BIT_CONVERSION = YES;
				GCC_WARN_ABOUT_RETURN_TYPE = YES_ERROR;
				GCC_WARN_UNDECLARED_SELECTOR = YES;
				GCC_WARN_UNINITIALIZED_AUTOS = YES_AGGRESSIVE;
				GCC_WARN_UNUSED_FUNCTION = YES;
				GCC_WARN_UNUSED_VARIABLE = YES;
				IPHONEOS_DEPLOYMENT_TARGET = 11.0;
				MTL_ENABLE_DEBUG_INFO = NO;
				SDKROOT = iphoneos;
				VALIDATE_PRODUCT = YES;
			};
			name = Release;
		};
		4D4958C61F66248600F3D9DD /* Debug */ = {
			isa = XCBuildConfiguration;
			buildSettings = {
				ASSETCATALOG_COMPILER_APPICON_NAME = AppIcon;
				CODE_SIGN_STYLE = Automatic;
				INFOPLIST_FILE = LLUIKit/Info.plist;
				IPHONEOS_DEPLOYMENT_TARGET = 10.3;
				LD_RUNPATH_SEARCH_PATHS = "$(inherited) @executable_path/Frameworks";
				PRODUCT_BUNDLE_IDENTIFIER = com.LLUIKit;
				PRODUCT_NAME = "$(TARGET_NAME)";
				TARGETED_DEVICE_FAMILY = "1,2";
			};
			name = Debug;
		};
		4D4958C71F66248600F3D9DD /* Release */ = {
			isa = XCBuildConfiguration;
			buildSettings = {
				ASSETCATALOG_COMPILER_APPICON_NAME = AppIcon;
				CODE_SIGN_STYLE = Automatic;
				INFOPLIST_FILE = LLUIKit/Info.plist;
				IPHONEOS_DEPLOYMENT_TARGET = 10.3;
				LD_RUNPATH_SEARCH_PATHS = "$(inherited) @executable_path/Frameworks";
				PRODUCT_BUNDLE_IDENTIFIER = com.LLUIKit;
				PRODUCT_NAME = "$(TARGET_NAME)";
				TARGETED_DEVICE_FAMILY = "1,2";
			};
			name = Release;
		};
/* End XCBuildConfiguration section */

/* Begin XCConfigurationList section */
		4D4958AA1F66248600F3D9DD /* Build configuration list for PBXProject "LLUIKit" */ = {
			isa = XCConfigurationList;
			buildConfigurations = (
				4D4958C31F66248600F3D9DD /* Debug */,
				4D4958C41F66248600F3D9DD /* Release */,
			);
			defaultConfigurationIsVisible = 0;
			defaultConfigurationName = Release;
		};
		4D4958C51F66248600F3D9DD /* Build configuration list for PBXNativeTarget "LLUIKit" */ = {
			isa = XCConfigurationList;
			buildConfigurations = (
				4D4958C61F66248600F3D9DD /* Debug */,
				4D4958C71F66248600F3D9DD /* Release */,
			);
			defaultConfigurationIsVisible = 0;
			defaultConfigurationName = Release;
		};
/* End XCConfigurationList section */
	};
	rootObject = 4D4958A71F66248600F3D9DD /* Project object */;
}
