// !$*UTF8*$!
{
	archiveVersion = 1;
	classes = {
	};
	objectVersion = 46;
	objects = {

/* Begin PBXBuildFile section */
		00438F5F1F9E4FDE00E13090 /* LoopTest.m in Sources */ = {isa = PBXBuildFile; fileRef = 00438F5E1F9E4FDE00E13090 /* LoopTest.m */; };
		004E4E981F9A2CBD002E25EA /* NSStringTest.m in Sources */ = {isa = PBXBuildFile; fileRef = 004E4E971F9A2CBD002E25EA /* NSStringTest.m */; };
		00D65CBA1F6EDE2D004FF464 /* main.m in Sources */ = {isa = PBXBuildFile; fileRef = 00D65CB91F6EDE2D004FF464 /* main.m */; };
		00D65CBD1F6EDE2D004FF464 /* AppDelegate.m in Sources */ = {isa = PBXBuildFile; fileRef = 00D65CBC1F6EDE2D004FF464 /* AppDelegate.m */; };
		00D65CC01F6EDE2D004FF464 /* ViewController.m in Sources */ = {isa = PBXBuildFile; fileRef = 00D65CBF1F6EDE2D004FF464 /* ViewController.m */; };
		00D65CC31F6EDE2D004FF464 /* Main.storyboard in Resources */ = {isa = PBXBuildFile; fileRef = 00D65CC11F6EDE2D004FF464 /* Main.storyboard */; };
		00D65CC51F6EDE2D004FF464 /* Assets.xcassets in Resources */ = {isa = PBXBuildFile; fileRef = 00D65CC41F6EDE2D004FF464 /* Assets.xcassets */; };
		00D65CC81F6EDE2D004FF464 /* LaunchScreen.storyboard in Resources */ = {isa = PBXBuildFile; fileRef = 00D65CC61F6EDE2D004FF464 /* LaunchScreen.storyboard */; };
		00D65CD41F6EDE9F004FF464 /* LLMoveableButton.m in Sources */ = {isa = PBXBuildFile; fileRef = 00D65CD21F6EDE9F004FF464 /* LLMoveableButton.m */; };
		00D65CD51F6EDE9F004FF464 /* test@2x.png in Resources */ = {isa = PBXBuildFile; fileRef = 00D65CD31F6EDE9F004FF464 /* test@2x.png */; };
		00D65CD91F6EDEA7004FF464 /* LLSingletonTest.m in Sources */ = {isa = PBXBuildFile; fileRef = 00D65CD81F6EDEA7004FF464 /* LLSingletonTest.m */; };
		00D65CDD1F6EDF15004FF464 /* LLDateTest.m in Sources */ = {isa = PBXBuildFile; fileRef = 00D65CDC1F6EDF15004FF464 /* LLDateTest.m */; };
		4D2B84B520E1EA590077EE6E /* NSDate+Category.m in Sources */ = {isa = PBXBuildFile; fileRef = 4D2B849920E1EA590077EE6E /* NSDate+Category.m */; };
		4D2B84B720E1EA590077EE6E /* UIView+Category.m in Sources */ = {isa = PBXBuildFile; fileRef = 4D2B849E20E1EA590077EE6E /* UIView+Category.m */; };
		4D2B84C320E1F6EB0077EE6E /* NSArray+Category.m in Sources */ = {isa = PBXBuildFile; fileRef = 4D2B84C220E1F6EB0077EE6E /* NSArray+Category.m */; };
		4D2B84C620E1F7890077EE6E /* NSString+Category.m in Sources */ = {isa = PBXBuildFile; fileRef = 4D2B84C520E1F7890077EE6E /* NSString+Category.m */; };
		4D2B84C920E1F9A30077EE6E /* CAGradientLayer+Category.m in Sources */ = {isa = PBXBuildFile; fileRef = 4D2B84C820E1F9A30077EE6E /* CAGradientLayer+Category.m */; };
		4D2B84CC20E1FADB0077EE6E /* NSDictionary+Category.m in Sources */ = {isa = PBXBuildFile; fileRef = 4D2B84CB20E1FADB0077EE6E /* NSDictionary+Category.m */; };
		4D2B84CF20E1FB360077EE6E /* NSMutableDictionary+Category.m in Sources */ = {isa = PBXBuildFile; fileRef = 4D2B84CE20E1FB360077EE6E /* NSMutableDictionary+Category.m */; };
		4D2B84D220E1FB8E0077EE6E /* NSURL+Category.m in Sources */ = {isa = PBXBuildFile; fileRef = 4D2B84D120E1FB8E0077EE6E /* NSURL+Category.m */; };
		4D2B84D520E1FC220077EE6E /* UIButton+Category.m in Sources */ = {isa = PBXBuildFile; fileRef = 4D2B84D420E1FC220077EE6E /* UIButton+Category.m */; };
		4D2B84D820E1FD320077EE6E /* UIDevice+Category.m in Sources */ = {isa = PBXBuildFile; fileRef = 4D2B84D720E1FD320077EE6E /* UIDevice+Category.m */; };
		4D2B84DB20E1FD5C0077EE6E /* UIFont+Category.m in Sources */ = {isa = PBXBuildFile; fileRef = 4D2B84DA20E1FD5C0077EE6E /* UIFont+Category.m */; };
		4D2B84DE20E1FDDA0077EE6E /* UILabel+Category.m in Sources */ = {isa = PBXBuildFile; fileRef = 4D2B84DD20E1FDDA0077EE6E /* UILabel+Category.m */; };
		4D2B84E120E1FDF60077EE6E /* UIImage+Category.m in Sources */ = {isa = PBXBuildFile; fileRef = 4D2B84E020E1FDF60077EE6E /* UIImage+Category.m */; };
		4D2EEFA61F6F984A002E84B4 /* LLGCDTest.m in Sources */ = {isa = PBXBuildFile; fileRef = 4D2EEFA51F6F984A002E84B4 /* LLGCDTest.m */; };
		4DAA391B2106F9D50032D18A /* TestTimer.m in Sources */ = {isa = PBXBuildFile; fileRef = 4DAA391A2106F9D50032D18A /* TestTimer.m */; };
		4DAA391E2106FA750032D18A /* SecondViewController.m in Sources */ = {isa = PBXBuildFile; fileRef = 4DAA391D2106FA750032D18A /* SecondViewController.m */; };
		4DB2486C20FF72CF003E2F14 /* TestCopy.m in Sources */ = {isa = PBXBuildFile; fileRef = 4DB2486B20FF72CF003E2F14 /* TestCopy.m */; };
		4DB9E6A721076F3800254088 /* NSTimer+WeakTimer.m in Sources */ = {isa = PBXBuildFile; fileRef = 4DB9E6A621076F3800254088 /* NSTimer+WeakTimer.m */; };
		4DB9E6AA21076FB000254088 /* CADisplayLink+WeakDisplayLink.m in Sources */ = {isa = PBXBuildFile; fileRef = 4DB9E6A921076FB000254088 /* CADisplayLink+WeakDisplayLink.m */; };
		4DB9E6AD210770D200254088 /* LLWeakProxy.m in Sources */ = {isa = PBXBuildFile; fileRef = 4DB9E6AC210770D200254088 /* LLWeakProxy.m */; };
		4DEEDAF4210A06B500A7959D /* TestKVC.m in Sources */ = {isa = PBXBuildFile; fileRef = 4DEEDAF3210A06B500A7959D /* TestKVC.m */; };
		4DEEDAF7210A142D00A7959D /* NSArray+CustomKVC.m in Sources */ = {isa = PBXBuildFile; fileRef = 4DEEDAF6210A142D00A7959D /* NSArray+CustomKVC.m */; };
/* End PBXBuildFile section */

/* Begin PBXFileReference section */
		00438F5D1F9E4FDE00E13090 /* LoopTest.h */ = {isa = PBXFileReference; lastKnownFileType = sourcecode.c.h; path = LoopTest.h; sourceTree = "<group>"; };
		00438F5E1F9E4FDE00E13090 /* LoopTest.m */ = {isa = PBXFileReference; lastKnownFileType = sourcecode.c.objc; path = LoopTest.m; sourceTree = "<group>"; };
		004E4E961F9A2CBD002E25EA /* NSStringTest.h */ = {isa = PBXFileReference; lastKnownFileType = sourcecode.c.h; path = NSStringTest.h; sourceTree = "<group>"; };
		004E4E971F9A2CBD002E25EA /* NSStringTest.m */ = {isa = PBXFileReference; lastKnownFileType = sourcecode.c.objc; path = NSStringTest.m; sourceTree = "<group>"; };
		00D65CB51F6EDE2D004FF464 /* LLUIKit.app */ = {isa = PBXFileReference; explicitFileType = wrapper.application; includeInIndex = 0; path = LLUIKit.app; sourceTree = BUILT_PRODUCTS_DIR; };
		00D65CB91F6EDE2D004FF464 /* main.m */ = {isa = PBXFileReference; lastKnownFileType = sourcecode.c.objc; path = main.m; sourceTree = "<group>"; };
		00D65CBB1F6EDE2D004FF464 /* AppDelegate.h */ = {isa = PBXFileReference; lastKnownFileType = sourcecode.c.h; path = AppDelegate.h; sourceTree = "<group>"; };
		00D65CBC1F6EDE2D004FF464 /* AppDelegate.m */ = {isa = PBXFileReference; lastKnownFileType = sourcecode.c.objc; path = AppDelegate.m; sourceTree = "<group>"; };
		00D65CBE1F6EDE2D004FF464 /* ViewController.h */ = {isa = PBXFileReference; lastKnownFileType = sourcecode.c.h; path = ViewController.h; sourceTree = "<group>"; };
		00D65CBF1F6EDE2D004FF464 /* ViewController.m */ = {isa = PBXFileReference; lastKnownFileType = sourcecode.c.objc; path = ViewController.m; sourceTree = "<group>"; };
		00D65CC21F6EDE2D004FF464 /* Base */ = {isa = PBXFileReference; lastKnownFileType = file.storyboard; name = Base; path = Base.lproj/Main.storyboard; sourceTree = "<group>"; };
		00D65CC41F6EDE2D004FF464 /* Assets.xcassets */ = {isa = PBXFileReference; lastKnownFileType = folder.assetcatalog; path = Assets.xcassets; sourceTree = "<group>"; };
		00D65CC71F6EDE2D004FF464 /* Base */ = {isa = PBXFileReference; lastKnownFileType = file.storyboard; name = Base; path = Base.lproj/LaunchScreen.storyboard; sourceTree = "<group>"; };
		00D65CC91F6EDE2D004FF464 /* Info.plist */ = {isa = PBXFileReference; lastKnownFileType = text.plist.xml; path = Info.plist; sourceTree = "<group>"; };
		00D65CD11F6EDE9F004FF464 /* LLMoveableButton.h */ = {isa = PBXFileReference; fileEncoding = 4; lastKnownFileType = sourcecode.c.h; path = LLMoveableButton.h; sourceTree = "<group>"; };
		00D65CD21F6EDE9F004FF464 /* LLMoveableButton.m */ = {isa = PBXFileReference; fileEncoding = 4; lastKnownFileType = sourcecode.c.objc; path = LLMoveableButton.m; sourceTree = "<group>"; };
		00D65CD31F6EDE9F004FF464 /* test@2x.png */ = {isa = PBXFileReference; lastKnownFileType = image.png; path = "test@2x.png"; sourceTree = "<group>"; };
		00D65CD61F6EDEA7004FF464 /* LLSingleton.h */ = {isa = PBXFileReference; fileEncoding = 4; lastKnownFileType = sourcecode.c.h; path = LLSingleton.h; sourceTree = "<group>"; };
		00D65CD71F6EDEA7004FF464 /* LLSingletonTest.h */ = {isa = PBXFileReference; fileEncoding = 4; lastKnownFileType = sourcecode.c.h; path = LLSingletonTest.h; sourceTree = "<group>"; };
		00D65CD81F6EDEA7004FF464 /* LLSingletonTest.m */ = {isa = PBXFileReference; fileEncoding = 4; lastKnownFileType = sourcecode.c.objc; path = LLSingletonTest.m; sourceTree = "<group>"; };
		00D65CDB1F6EDF15004FF464 /* LLDateTest.h */ = {isa = PBXFileReference; fileEncoding = 4; lastKnownFileType = sourcecode.c.h; path = LLDateTest.h; sourceTree = "<group>"; };
		00D65CDC1F6EDF15004FF464 /* LLDateTest.m */ = {isa = PBXFileReference; fileEncoding = 4; lastKnownFileType = sourcecode.c.objc; path = LLDateTest.m; sourceTree = "<group>"; };
		4D2B849920E1EA590077EE6E /* NSDate+Category.m */ = {isa = PBXFileReference; fileEncoding = 4; lastKnownFileType = sourcecode.c.objc; path = "NSDate+Category.m"; sourceTree = "<group>"; };
		4D2B849E20E1EA590077EE6E /* UIView+Category.m */ = {isa = PBXFileReference; fileEncoding = 4; lastKnownFileType = sourcecode.c.objc; path = "UIView+Category.m"; sourceTree = "<group>"; };
		4D2B84A320E1EA590077EE6E /* NSDate+Category.h */ = {isa = PBXFileReference; fileEncoding = 4; lastKnownFileType = sourcecode.c.h; path = "NSDate+Category.h"; sourceTree = "<group>"; };
		4D2B84AE20E1EA590077EE6E /* UIView+Category.h */ = {isa = PBXFileReference; fileEncoding = 4; lastKnownFileType = sourcecode.c.h; path = "UIView+Category.h"; sourceTree = "<group>"; };
		4D2B84C120E1F6EB0077EE6E /* NSArray+Category.h */ = {isa = PBXFileReference; lastKnownFileType = sourcecode.c.h; path = "NSArray+Category.h"; sourceTree = "<group>"; };
		4D2B84C220E1F6EB0077EE6E /* NSArray+Category.m */ = {isa = PBXFileReference; lastKnownFileType = sourcecode.c.objc; path = "NSArray+Category.m"; sourceTree = "<group>"; };
		4D2B84C420E1F7890077EE6E /* NSString+Category.h */ = {isa = PBXFileReference; lastKnownFileType = sourcecode.c.h; path = "NSString+Category.h"; sourceTree = "<group>"; };
		4D2B84C520E1F7890077EE6E /* NSString+Category.m */ = {isa = PBXFileReference; lastKnownFileType = sourcecode.c.objc; path = "NSString+Category.m"; sourceTree = "<group>"; };
		4D2B84C720E1F9A30077EE6E /* CAGradientLayer+Category.h */ = {isa = PBXFileReference; lastKnownFileType = sourcecode.c.h; path = "CAGradientLayer+Category.h"; sourceTree = "<group>"; };
		4D2B84C820E1F9A30077EE6E /* CAGradientLayer+Category.m */ = {isa = PBXFileReference; lastKnownFileType = sourcecode.c.objc; path = "CAGradientLayer+Category.m"; sourceTree = "<group>"; };
		4D2B84CA20E1FADB0077EE6E /* NSDictionary+Category.h */ = {isa = PBXFileReference; lastKnownFileType = sourcecode.c.h; path = "NSDictionary+Category.h"; sourceTree = "<group>"; };
		4D2B84CB20E1FADB0077EE6E /* NSDictionary+Category.m */ = {isa = PBXFileReference; lastKnownFileType = sourcecode.c.objc; path = "NSDictionary+Category.m"; sourceTree = "<group>"; };
		4D2B84CD20E1FB360077EE6E /* NSMutableDictionary+Category.h */ = {isa = PBXFileReference; lastKnownFileType = sourcecode.c.h; path = "NSMutableDictionary+Category.h"; sourceTree = "<group>"; };
		4D2B84CE20E1FB360077EE6E /* NSMutableDictionary+Category.m */ = {isa = PBXFileReference; lastKnownFileType = sourcecode.c.objc; path = "NSMutableDictionary+Category.m"; sourceTree = "<group>"; };
		4D2B84D020E1FB8E0077EE6E /* NSURL+Category.h */ = {isa = PBXFileReference; lastKnownFileType = sourcecode.c.h; path = "NSURL+Category.h"; sourceTree = "<group>"; };
		4D2B84D120E1FB8E0077EE6E /* NSURL+Category.m */ = {isa = PBXFileReference; lastKnownFileType = sourcecode.c.objc; path = "NSURL+Category.m"; sourceTree = "<group>"; };
		4D2B84D320E1FC220077EE6E /* UIButton+Category.h */ = {isa = PBXFileReference; lastKnownFileType = sourcecode.c.h; path = "UIButton+Category.h"; sourceTree = "<group>"; };
		4D2B84D420E1FC220077EE6E /* UIButton+Category.m */ = {isa = PBXFileReference; lastKnownFileType = sourcecode.c.objc; path = "UIButton+Category.m"; sourceTree = "<group>"; };
		4D2B84D620E1FD310077EE6E /* UIDevice+Category.h */ = {isa = PBXFileReference; lastKnownFileType = sourcecode.c.h; path = "UIDevice+Category.h"; sourceTree = "<group>"; };
		4D2B84D720E1FD320077EE6E /* UIDevice+Category.m */ = {isa = PBXFileReference; lastKnownFileType = sourcecode.c.objc; path = "UIDevice+Category.m"; sourceTree = "<group>"; };
		4D2B84D920E1FD5C0077EE6E /* UIFont+Category.h */ = {isa = PBXFileReference; lastKnownFileType = sourcecode.c.h; path = "UIFont+Category.h"; sourceTree = "<group>"; };
		4D2B84DA20E1FD5C0077EE6E /* UIFont+Category.m */ = {isa = PBXFileReference; lastKnownFileType = sourcecode.c.objc; path = "UIFont+Category.m"; sourceTree = "<group>"; };
		4D2B84DC20E1FDDA0077EE6E /* UILabel+Category.h */ = {isa = PBXFileReference; lastKnownFileType = sourcecode.c.h; path = "UILabel+Category.h"; sourceTree = "<group>"; };
		4D2B84DD20E1FDDA0077EE6E /* UILabel+Category.m */ = {isa = PBXFileReference; lastKnownFileType = sourcecode.c.objc; path = "UILabel+Category.m"; sourceTree = "<group>"; };
		4D2B84DF20E1FDF60077EE6E /* UIImage+Category.h */ = {isa = PBXFileReference; lastKnownFileType = sourcecode.c.h; path = "UIImage+Category.h"; sourceTree = "<group>"; };
		4D2B84E020E1FDF60077EE6E /* UIImage+Category.m */ = {isa = PBXFileReference; lastKnownFileType = sourcecode.c.objc; path = "UIImage+Category.m"; sourceTree = "<group>"; };
		4D2EEFA41F6F984A002E84B4 /* LLGCDTest.h */ = {isa = PBXFileReference; lastKnownFileType = sourcecode.c.h; path = LLGCDTest.h; sourceTree = "<group>"; };
		4D2EEFA51F6F984A002E84B4 /* LLGCDTest.m */ = {isa = PBXFileReference; lastKnownFileType = sourcecode.c.objc; path = LLGCDTest.m; sourceTree = "<group>"; };
		4DAA39192106F9D50032D18A /* TestTimer.h */ = {isa = PBXFileReference; lastKnownFileType = sourcecode.c.h; path = TestTimer.h; sourceTree = "<group>"; };
		4DAA391A2106F9D50032D18A /* TestTimer.m */ = {isa = PBXFileReference; lastKnownFileType = sourcecode.c.objc; path = TestTimer.m; sourceTree = "<group>"; };
		4DAA391C2106FA750032D18A /* SecondViewController.h */ = {isa = PBXFileReference; lastKnownFileType = sourcecode.c.h; path = SecondViewController.h; sourceTree = "<group>"; };
		4DAA391D2106FA750032D18A /* SecondViewController.m */ = {isa = PBXFileReference; lastKnownFileType = sourcecode.c.objc; path = SecondViewController.m; sourceTree = "<group>"; };
		4DB2486A20FF72CF003E2F14 /* TestCopy.h */ = {isa = PBXFileReference; lastKnownFileType = sourcecode.c.h; path = TestCopy.h; sourceTree = "<group>"; };
		4DB2486B20FF72CF003E2F14 /* TestCopy.m */ = {isa = PBXFileReference; lastKnownFileType = sourcecode.c.objc; path = TestCopy.m; sourceTree = "<group>"; };
		4DB9E6A521076F3800254088 /* NSTimer+WeakTimer.h */ = {isa = PBXFileReference; lastKnownFileType = sourcecode.c.h; path = "NSTimer+WeakTimer.h"; sourceTree = "<group>"; };
		4DB9E6A621076F3800254088 /* NSTimer+WeakTimer.m */ = {isa = PBXFileReference; lastKnownFileType = sourcecode.c.objc; path = "NSTimer+WeakTimer.m"; sourceTree = "<group>"; };
		4DB9E6A821076FB000254088 /* CADisplayLink+WeakDisplayLink.h */ = {isa = PBXFileReference; lastKnownFileType = sourcecode.c.h; path = "CADisplayLink+WeakDisplayLink.h"; sourceTree = "<group>"; };
		4DB9E6A921076FB000254088 /* CADisplayLink+WeakDisplayLink.m */ = {isa = PBXFileReference; lastKnownFileType = sourcecode.c.objc; path = "CADisplayLink+WeakDisplayLink.m"; sourceTree = "<group>"; };
		4DB9E6AB210770D200254088 /* LLWeakProxy.h */ = {isa = PBXFileReference; lastKnownFileType = sourcecode.c.h; path = LLWeakProxy.h; sourceTree = "<group>"; };
		4DB9E6AC210770D200254088 /* LLWeakProxy.m */ = {isa = PBXFileReference; lastKnownFileType = sourcecode.c.objc; path = LLWeakProxy.m; sourceTree = "<group>"; };
		4DEEDAF2210A06B500A7959D /* TestKVC.h */ = {isa = PBXFileReference; lastKnownFileType = sourcecode.c.h; path = TestKVC.h; sourceTree = "<group>"; };
		4DEEDAF3210A06B500A7959D /* TestKVC.m */ = {isa = PBXFileReference; lastKnownFileType = sourcecode.c.objc; path = TestKVC.m; sourceTree = "<group>"; };
		4DEEDAF5210A142D00A7959D /* NSArray+CustomKVC.h */ = {isa = PBXFileReference; lastKnownFileType = sourcecode.c.h; path = "NSArray+CustomKVC.h"; sourceTree = "<group>"; };
		4DEEDAF6210A142D00A7959D /* NSArray+CustomKVC.m */ = {isa = PBXFileReference; lastKnownFileType = sourcecode.c.objc; path = "NSArray+CustomKVC.m"; sourceTree = "<group>"; };
/* End PBXFileReference section */

/* Begin PBXFrameworksBuildPhase section */
		00D65CB21F6EDE2D004FF464 /* Frameworks */ = {
			isa = PBXFrameworksBuildPhase;
			buildActionMask = 2147483647;
			files = (
			);
			runOnlyForDeploymentPostprocessing = 0;
		};
/* End PBXFrameworksBuildPhase section */

/* Begin PBXGroup section */
		00D65CAC1F6EDE2D004FF464 = {
			isa = PBXGroup;
			children = (
				00D65CB71F6EDE2D004FF464 /* LLUIKit */,
				00D65CB61F6EDE2D004FF464 /* Products */,
			);
			sourceTree = "<group>";
		};
		00D65CB61F6EDE2D004FF464 /* Products */ = {
			isa = PBXGroup;
			children = (
				00D65CB51F6EDE2D004FF464 /* LLUIKit.app */,
			);
			name = Products;
			sourceTree = "<group>";
		};
		00D65CB71F6EDE2D004FF464 /* LLUIKit */ = {
			isa = PBXGroup;
			children = (
				4DEEDAF1210A069600A7959D /* KVC */,
				4DAA39182106F94A0032D18A /* Timer */,
				4DB2486920FF72AC003E2F14 /* Copy */,
				4D2B849320E1EA590077EE6E /* Category */,
				4D2EEFA31F6F97FA002E84B4 /* GCD */,
				00D65CDA1F6EDEE4004FF464 /* Date */,
				00D65CD01F6EDE86004FF464 /* Singleton */,
				00D65CCF1F6EDE7D004FF464 /* MoveableButton */,
				00D65CBB1F6EDE2D004FF464 /* AppDelegate.h */,
				00D65CBC1F6EDE2D004FF464 /* AppDelegate.m */,
				00D65CBE1F6EDE2D004FF464 /* ViewController.h */,
				00D65CBF1F6EDE2D004FF464 /* ViewController.m */,
				00D65CC11F6EDE2D004FF464 /* Main.storyboard */,
				00D65CC41F6EDE2D004FF464 /* Assets.xcassets */,
				00D65CC61F6EDE2D004FF464 /* LaunchScreen.storyboard */,
				00D65CC91F6EDE2D004FF464 /* Info.plist */,
				00D65CB81F6EDE2D004FF464 /* Supporting Files */,
				004E4E961F9A2CBD002E25EA /* NSStringTest.h */,
				004E4E971F9A2CBD002E25EA /* NSStringTest.m */,
				00438F5D1F9E4FDE00E13090 /* LoopTest.h */,
				00438F5E1F9E4FDE00E13090 /* LoopTest.m */,
				4DAA391C2106FA750032D18A /* SecondViewController.h */,
				4DAA391D2106FA750032D18A /* SecondViewController.m */,
			);
			path = LLUIKit;
			sourceTree = "<group>";
		};
		00D65CB81F6EDE2D004FF464 /* Supporting Files */ = {
			isa = PBXGroup;
			children = (
				00D65CB91F6EDE2D004FF464 /* main.m */,
			);
			name = "Supporting Files";
			sourceTree = "<group>";
		};
		00D65CCF1F6EDE7D004FF464 /* MoveableButton */ = {
			isa = PBXGroup;
			children = (
				00D65CD11F6EDE9F004FF464 /* LLMoveableButton.h */,
				00D65CD21F6EDE9F004FF464 /* LLMoveableButton.m */,
				00D65CD31F6EDE9F004FF464 /* test@2x.png */,
			);
			name = MoveableButton;
			sourceTree = "<group>";
		};
		00D65CD01F6EDE86004FF464 /* Singleton */ = {
			isa = PBXGroup;
			children = (
				00D65CD61F6EDEA7004FF464 /* LLSingleton.h */,
				00D65CD71F6EDEA7004FF464 /* LLSingletonTest.h */,
				00D65CD81F6EDEA7004FF464 /* LLSingletonTest.m */,
			);
			name = Singleton;
			sourceTree = "<group>";
		};
		00D65CDA1F6EDEE4004FF464 /* Date */ = {
			isa = PBXGroup;
			children = (
				00D65CDB1F6EDF15004FF464 /* LLDateTest.h */,
				00D65CDC1F6EDF15004FF464 /* LLDateTest.m */,
			);
			name = Date;
			sourceTree = "<group>";
		};
		4D2B849320E1EA590077EE6E /* Category */ = {
			isa = PBXGroup;
			children = (
				4D2B84C720E1F9A30077EE6E /* CAGradientLayer+Category.h */,
				4D2B84C820E1F9A30077EE6E /* CAGradientLayer+Category.m */,
				4D2B84C120E1F6EB0077EE6E /* NSArray+Category.h */,
				4D2B84C220E1F6EB0077EE6E /* NSArray+Category.m */,
				4D2B84A320E1EA590077EE6E /* NSDate+Category.h */,
				4D2B849920E1EA590077EE6E /* NSDate+Category.m */,
				4D2B84CA20E1FADB0077EE6E /* NSDictionary+Category.h */,
				4D2B84CB20E1FADB0077EE6E /* NSDictionary+Category.m */,
				4D2B84CD20E1FB360077EE6E /* NSMutableDictionary+Category.h */,
				4D2B84CE20E1FB360077EE6E /* NSMutableDictionary+Category.m */,
				4D2B84C420E1F7890077EE6E /* NSString+Category.h */,
				4D2B84C520E1F7890077EE6E /* NSString+Category.m */,
				4D2B84D020E1FB8E0077EE6E /* NSURL+Category.h */,
				4D2B84D120E1FB8E0077EE6E /* NSURL+Category.m */,
				4D2B84D320E1FC220077EE6E /* UIButton+Category.h */,
				4D2B84D420E1FC220077EE6E /* UIButton+Category.m */,
				4D2B84D620E1FD310077EE6E /* UIDevice+Category.h */,
				4D2B84D720E1FD320077EE6E /* UIDevice+Category.m */,
				4D2B84D920E1FD5C0077EE6E /* UIFont+Category.h */,
				4D2B84DA20E1FD5C0077EE6E /* UIFont+Category.m */,
				4D2B84DF20E1FDF60077EE6E /* UIImage+Category.h */,
				4D2B84E020E1FDF60077EE6E /* UIImage+Category.m */,
				4D2B84DC20E1FDDA0077EE6E /* UILabel+Category.h */,
				4D2B84DD20E1FDDA0077EE6E /* UILabel+Category.m */,
				4D2B84AE20E1EA590077EE6E /* UIView+Category.h */,
				4D2B849E20E1EA590077EE6E /* UIView+Category.m */,
			);
			path = Category;
			sourceTree = "<group>";
		};
		4D2EEFA31F6F97FA002E84B4 /* GCD */ = {
			isa = PBXGroup;
			children = (
				4D2EEFA41F6F984A002E84B4 /* LLGCDTest.h */,
				4D2EEFA51F6F984A002E84B4 /* LLGCDTest.m */,
			);
			name = GCD;
			sourceTree = "<group>";
		};
		4DAA39182106F94A0032D18A /* Timer */ = {
			isa = PBXGroup;
			children = (
				4DAA39192106F9D50032D18A /* TestTimer.h */,
				4DAA391A2106F9D50032D18A /* TestTimer.m */,
				4DB9E6A521076F3800254088 /* NSTimer+WeakTimer.h */,
				4DB9E6A621076F3800254088 /* NSTimer+WeakTimer.m */,
				4DB9E6A821076FB000254088 /* CADisplayLink+WeakDisplayLink.h */,
				4DB9E6A921076FB000254088 /* CADisplayLink+WeakDisplayLink.m */,
				4DB9E6AB210770D200254088 /* LLWeakProxy.h */,
				4DB9E6AC210770D200254088 /* LLWeakProxy.m */,
			);
			name = Timer;
			sourceTree = "<group>";
		};
		4DB2486920FF72AC003E2F14 /* Copy */ = {
			isa = PBXGroup;
			children = (
				4DB2486A20FF72CF003E2F14 /* TestCopy.h */,
				4DB2486B20FF72CF003E2F14 /* TestCopy.m */,
			);
			name = Copy;
			sourceTree = "<group>";
		};
		4DEEDAF1210A069600A7959D /* KVC */ = {
			isa = PBXGroup;
			children = (
				4DEEDAF2210A06B500A7959D /* TestKVC.h */,
				4DEEDAF3210A06B500A7959D /* TestKVC.m */,
				4DEEDAF5210A142D00A7959D /* NSArray+CustomKVC.h */,
				4DEEDAF6210A142D00A7959D /* NSArray+CustomKVC.m */,
			);
			name = KVC;
			sourceTree = "<group>";
		};
/* End PBXGroup section */

/* Begin PBXNativeTarget section */
		00D65CB41F6EDE2D004FF464 /* LLUIKit */ = {
			isa = PBXNativeTarget;
			buildConfigurationList = 00D65CCC1F6EDE2D004FF464 /* Build configuration list for PBXNativeTarget "LLUIKit" */;
			buildPhases = (
				00D65CB11F6EDE2D004FF464 /* Sources */,
				00D65CB21F6EDE2D004FF464 /* Frameworks */,
				00D65CB31F6EDE2D004FF464 /* Resources */,
			);
			buildRules = (
			);
			dependencies = (
			);
			name = LLUIKit;
			productName = LLUIKit;
			productReference = 00D65CB51F6EDE2D004FF464 /* LLUIKit.app */;
			productType = "com.apple.product-type.application";
		};
/* End PBXNativeTarget section */

/* Begin PBXProject section */
		00D65CAD1F6EDE2D004FF464 /* Project object */ = {
			isa = PBXProject;
			attributes = {
				LastUpgradeCheck = 0830;
				ORGANIZATIONNAME = liangxl;
				TargetAttributes = {
					00D65CB41F6EDE2D004FF464 = {
						CreatedOnToolsVersion = 8.3.3;
						ProvisioningStyle = Automatic;
					};
				};
			};
			buildConfigurationList = 00D65CB01F6EDE2D004FF464 /* Build configuration list for PBXProject "LLUIKit" */;
			compatibilityVersion = "Xcode 3.2";
			developmentRegion = English;
			hasScannedForEncodings = 0;
			knownRegions = (
				en,
				Base,
			);
			mainGroup = 00D65CAC1F6EDE2D004FF464;
			productRefGroup = 00D65CB61F6EDE2D004FF464 /* Products */;
			projectDirPath = "";
			projectRoot = "";
			targets = (
				00D65CB41F6EDE2D004FF464 /* LLUIKit */,
			);
		};
/* End PBXProject section */

/* Begin PBXResourcesBuildPhase section */
		00D65CB31F6EDE2D004FF464 /* Resources */ = {
			isa = PBXResourcesBuildPhase;
			buildActionMask = 2147483647;
			files = (
				00D65CD51F6EDE9F004FF464 /* test@2x.png in Resources */,
				00D65CC81F6EDE2D004FF464 /* LaunchScreen.storyboard in Resources */,
				00D65CC51F6EDE2D004FF464 /* Assets.xcassets in Resources */,
				00D65CC31F6EDE2D004FF464 /* Main.storyboard in Resources */,
			);
			runOnlyForDeploymentPostprocessing = 0;
		};
/* End PBXResourcesBuildPhase section */

/* Begin PBXSourcesBuildPhase section */
		00D65CB11F6EDE2D004FF464 /* Sources */ = {
			isa = PBXSourcesBuildPhase;
			buildActionMask = 2147483647;
			files = (
				4DAA391E2106FA750032D18A /* SecondViewController.m in Sources */,
				4D2EEFA61F6F984A002E84B4 /* LLGCDTest.m in Sources */,
				4D2B84D820E1FD320077EE6E /* UIDevice+Category.m in Sources */,
				4D2B84C920E1F9A30077EE6E /* CAGradientLayer+Category.m in Sources */,
				00D65CD41F6EDE9F004FF464 /* LLMoveableButton.m in Sources */,
				4D2B84DE20E1FDDA0077EE6E /* UILabel+Category.m in Sources */,
				4DB9E6AD210770D200254088 /* LLWeakProxy.m in Sources */,
				4DB2486C20FF72CF003E2F14 /* TestCopy.m in Sources */,
				4D2B84D220E1FB8E0077EE6E /* NSURL+Category.m in Sources */,
				4D2B84D520E1FC220077EE6E /* UIButton+Category.m in Sources */,
				00D65CDD1F6EDF15004FF464 /* LLDateTest.m in Sources */,
				4D2B84C620E1F7890077EE6E /* NSString+Category.m in Sources */,
				4DEEDAF7210A142D00A7959D /* NSArray+CustomKVC.m in Sources */,
				4D2B84C320E1F6EB0077EE6E /* NSArray+Category.m in Sources */,
				4DB9E6A721076F3800254088 /* NSTimer+WeakTimer.m in Sources */,
				00D65CD91F6EDEA7004FF464 /* LLSingletonTest.m in Sources */,
				4D2B84CC20E1FADB0077EE6E /* NSDictionary+Category.m in Sources */,
				4D2B84B520E1EA590077EE6E /* NSDate+Category.m in Sources */,
				00D65CC01F6EDE2D004FF464 /* ViewController.m in Sources */,
				4D2B84DB20E1FD5C0077EE6E /* UIFont+Category.m in Sources */,
				4D2B84CF20E1FB360077EE6E /* NSMutableDictionary+Category.m in Sources */,
				00D65CBD1F6EDE2D004FF464 /* AppDelegate.m in Sources */,
				00438F5F1F9E4FDE00E13090 /* LoopTest.m in Sources */,
				004E4E981F9A2CBD002E25EA /* NSStringTest.m in Sources */,
				4DB9E6AA21076FB000254088 /* CADisplayLink+WeakDisplayLink.m in Sources */,
				4DEEDAF4210A06B500A7959D /* TestKVC.m in Sources */,
				4D2B84B720E1EA590077EE6E /* UIView+Category.m in Sources */,
				00D65CBA1F6EDE2D004FF464 /* main.m in Sources */,
				4D2B84E120E1FDF60077EE6E /* UIImage+Category.m in Sources */,
				4DAA391B2106F9D50032D18A /* TestTimer.m in Sources */,
			);
			runOnlyForDeploymentPostprocessing = 0;
		};
/* End PBXSourcesBuildPhase section */

/* Begin PBXVariantGroup section */
		00D65CC11F6EDE2D004FF464 /* Main.storyboard */ = {
			isa = PBXVariantGroup;
			children = (
				00D65CC21F6EDE2D004FF464 /* Base */,
			);
			name = Main.storyboard;
			sourceTree = "<group>";
		};
		00D65CC61F6EDE2D004FF464 /* LaunchScreen.storyboard */ = {
			isa = PBXVariantGroup;
			children = (
				00D65CC71F6EDE2D004FF464 /* Base */,
			);
			name = LaunchScreen.storyboard;
			sourceTree = "<group>";
		};
/* End PBXVariantGroup section */

/* Begin XCBuildConfiguration section */
		00D65CCA1F6EDE2D004FF464 /* Debug */ = {
			isa = XCBuildConfiguration;
			buildSettings = {
				ALWAYS_SEARCH_USER_PATHS = NO;
				CLANG_ANALYZER_NONNULL = YES;
				CLANG_ANALYZER_NUMBER_OBJECT_CONVERSION = YES_AGGRESSIVE;
				CLANG_CXX_LANGUAGE_STANDARD = "gnu++0x";
				CLANG_CXX_LIBRARY = "libc++";
				CLANG_ENABLE_MODULES = YES;
				CLANG_ENABLE_OBJC_ARC = YES;
				CLANG_WARN_BOOL_CONVERSION = YES;
				CLANG_WARN_CONSTANT_CONVERSION = YES;
				CLANG_WARN_DIRECT_OBJC_ISA_USAGE = YES_ERROR;
				CLANG_WARN_DOCUMENTATION_COMMENTS = YES;
				CLANG_WARN_EMPTY_BODY = YES;
				CLANG_WARN_ENUM_CONVERSION = YES;
				CLANG_WARN_INFINITE_RECURSION = YES;
				CLANG_WARN_INT_CONVERSION = YES;
				CLANG_WARN_OBJC_ROOT_CLASS = YES_ERROR;
				CLANG_WARN_SUSPICIOUS_MOVE = YES;
				CLANG_WARN_UNREACHABLE_CODE = YES;
				CLANG_WARN__DUPLICATE_METHOD_MATCH = YES;
				"CODE_SIGN_IDENTITY[sdk=iphoneos*]" = "iPhone Developer";
				COPY_PHASE_STRIP = NO;
				DEBUG_INFORMATION_FORMAT = dwarf;
				ENABLE_STRICT_OBJC_MSGSEND = YES;
				ENABLE_TESTABILITY = YES;
				GCC_C_LANGUAGE_STANDARD = gnu99;
				GCC_DYNAMIC_NO_PIC = NO;
				GCC_NO_COMMON_BLOCKS = YES;
				GCC_OPTIMIZATION_LEVEL = 0;
				GCC_PREPROCESSOR_DEFINITIONS = (
					"DEBUG=1",
					"$(inherited)",
				);
				GCC_WARN_64_TO_32_BIT_CONVERSION = YES;
				GCC_WARN_ABOUT_RETURN_TYPE = YES_ERROR;
				GCC_WARN_UNDECLARED_SELECTOR = YES;
				GCC_WARN_UNINITIALIZED_AUTOS = YES_AGGRESSIVE;
				GCC_WARN_UNUSED_FUNCTION = YES;
				GCC_WARN_UNUSED_VARIABLE = YES;
				IPHONEOS_DEPLOYMENT_TARGET = 10.3;
				MTL_ENABLE_DEBUG_INFO = YES;
				ONLY_ACTIVE_ARCH = YES;
				SDKROOT = iphoneos;
			};
			name = Debug;
		};
		00D65CCB1F6EDE2D004FF464 /* Release */ = {
			isa = XCBuildConfiguration;
			buildSettings = {
				ALWAYS_SEARCH_USER_PATHS = NO;
				CLANG_ANALYZER_NONNULL = YES;
				CLANG_ANALYZER_NUMBER_OBJECT_CONVERSION = YES_AGGRESSIVE;
				CLANG_CXX_LANGUAGE_STANDARD = "gnu++0x";
				CLANG_CXX_LIBRARY = "libc++";
				CLANG_ENABLE_MODULES = YES;
				CLANG_ENABLE_OBJC_ARC = YES;
				CLANG_WARN_BOOL_CONVERSION = YES;
				CLANG_WARN_CONSTANT_CONVERSION = YES;
				CLANG_WARN_DIRECT_OBJC_ISA_USAGE = YES_ERROR;
				CLANG_WARN_DOCUMENTATION_COMMENTS = YES;
				CLANG_WARN_EMPTY_BODY = YES;
				CLANG_WARN_ENUM_CONVERSION = YES;
				CLANG_WARN_INFINITE_RECURSION = YES;
				CLANG_WARN_INT_CONVERSION = YES;
				CLANG_WARN_OBJC_ROOT_CLASS = YES_ERROR;
				CLANG_WARN_SUSPICIOUS_MOVE = YES;
				CLANG_WARN_UNREACHABLE_CODE = YES;
				CLANG_WARN__DUPLICATE_METHOD_MATCH = YES;
				"CODE_SIGN_IDENTITY[sdk=iphoneos*]" = "iPhone Developer";
				COPY_PHASE_STRIP = NO;
				DEBUG_INFORMATION_FORMAT = "dwarf-with-dsym";
				ENABLE_NS_ASSERTIONS = NO;
				ENABLE_STRICT_OBJC_MSGSEND = YES;
				GCC_C_LANGUAGE_STANDARD = gnu99;
				GCC_NO_COMMON_BLOCKS = YES;
				GCC_WARN_64_TO_32_BIT_CONVERSION = YES;
				GCC_WARN_ABOUT_RETURN_TYPE = YES_ERROR;
				GCC_WARN_UNDECLARED_SELECTOR = YES;
				GCC_WARN_UNINITIALIZED_AUTOS = YES_AGGRESSIVE;
				GCC_WARN_UNUSED_FUNCTION = YES;
				GCC_WARN_UNUSED_VARIABLE = YES;
				IPHONEOS_DEPLOYMENT_TARGET = 10.3;
				MTL_ENABLE_DEBUG_INFO = NO;
				SDKROOT = iphoneos;
				VALIDATE_PRODUCT = YES;
			};
			name = Release;
		};
		00D65CCD1F6EDE2D004FF464 /* Debug */ = {
			isa = XCBuildConfiguration;
			buildSettings = {
				ASSETCATALOG_COMPILER_APPICON_NAME = AppIcon;
				INFOPLIST_FILE = LLUIKit/Info.plist;
				LD_RUNPATH_SEARCH_PATHS = "$(inherited) @executable_path/Frameworks";
				PRODUCT_BUNDLE_IDENTIFIER = com.liangxl.me.LLUIKit;
				PRODUCT_NAME = "$(TARGET_NAME)";
			};
			name = Debug;
		};
		00D65CCE1F6EDE2D004FF464 /* Release */ = {
			isa = XCBuildConfiguration;
			buildSettings = {
				ASSETCATALOG_COMPILER_APPICON_NAME = AppIcon;
				INFOPLIST_FILE = LLUIKit/Info.plist;
				LD_RUNPATH_SEARCH_PATHS = "$(inherited) @executable_path/Frameworks";
				PRODUCT_BUNDLE_IDENTIFIER = com.liangxl.me.LLUIKit;
				PRODUCT_NAME = "$(TARGET_NAME)";
			};
			name = Release;
		};
/* End XCBuildConfiguration section */

/* Begin XCConfigurationList section */
		00D65CB01F6EDE2D004FF464 /* Build configuration list for PBXProject "LLUIKit" */ = {
			isa = XCConfigurationList;
			buildConfigurations = (
				00D65CCA1F6EDE2D004FF464 /* Debug */,
				00D65CCB1F6EDE2D004FF464 /* Release */,
			);
			defaultConfigurationIsVisible = 0;
			defaultConfigurationName = Release;
		};
		00D65CCC1F6EDE2D004FF464 /* Build configuration list for PBXNativeTarget "LLUIKit" */ = {
			isa = XCConfigurationList;
			buildConfigurations = (
				00D65CCD1F6EDE2D004FF464 /* Debug */,
				00D65CCE1F6EDE2D004FF464 /* Release */,
			);
			defaultConfigurationIsVisible = 0;
			defaultConfigurationName = Release;
		};
/* End XCConfigurationList section */
	};
	rootObject = 00D65CAD1F6EDE2D004FF464 /* Project object */;
}
